// !$*UTF8*$!
{
	archiveVersion = 1;
	classes = {
	};
	objectVersion = 46;
	objects = {

/* Begin PBXBuildFile section */
		28983E5686E1F0360F12F647 /* UIKit.framework in Frameworks */ = {isa = PBXBuildFile; fileRef = 28983E5686E1F0360F12F646 /* UIKit.framework */; };
		28983E5686E1F0360F12F649 /* Foundation.framework in Frameworks */ = {isa = PBXBuildFile; fileRef = 28983E5686E1F0360F12F648 /* Foundation.framework */; };
		28983E5686E1F0360F12F64B /* CoreGraphics.framework in Frameworks */ = {isa = PBXBuildFile; fileRef = 28983E5686E1F0360F12F64A /* CoreGraphics.framework */; };
		28983E5686E1F0360F12F651 /* InfoPlist.strings in Resources */ = {isa = PBXBuildFile; fileRef = 28983E5686E1F0360F12F650 /* InfoPlist.strings */; };
		28983E5686E1F0360F12F653 /* main.m in Sources */ = {isa = PBXBuildFile; fileRef = 28983E5686E1F0360F12F652 /* main.m */; };
		28983E5686E1F0360F12F657 /* AppDelegate.m in Sources */ = {isa = PBXBuildFile; fileRef = 28983E5686E1F0360F12F656 /* AppDelegate.m */; };
		28983E5686E1F0360F12F65A /* ViewController.m in Sources */ = {isa = PBXBuildFile; fileRef = 28983E5686E1F0360F12F659 /* ViewController.m */; };
		28983E5686E1F0360F12F65D /* ViewController.xib in Resources */ = {isa = PBXBuildFile; fileRef = 28983E5686E1F0360F12F65C /* ViewController.xib */; };
		28983E5686E1F0360F12F660 /* Background.jpeg in Resources */ = {isa = PBXBuildFile; fileRef = 28983E5686E1F0360F12F65F /* Background.jpeg */; };
		28983E5686E1F0360F12F662 /* QuartzCore.framework in Frameworks */ = {isa = PBXBuildFile; fileRef = 28983E5686E1F0360F12F661 /* QuartzCore.framework */; };
		28983E5686E1F0360F12F664 /* Background2.jpeg in Resources */ = {isa = PBXBuildFile; fileRef = 28983E5686E1F0360F12F663 /* Background2.jpeg */; };
/* End PBXBuildFile section */

/* Begin PBXFileReference section */
		28983E5686E1F0360F12F63D /* BoeingProofOfConcept.app */ = {isa = PBXFileReference; explicitFileType = wrapper.application; includeInIndex = 0; path = BoeingProofOfConcept.app; sourceTree = BUILT_PRODUCTS_DIR; };
		28983E5686E1F0360F12F646 /* UIKit.framework */ = {isa = PBXFileReference; lastKnownFileType = wrapper.framework; name = UIKit.framework; path = System/Library/Frameworks/UIKit.framework; sourceTree = SDKROOT; };
		28983E5686E1F0360F12F648 /* Foundation.framework */ = {isa = PBXFileReference; lastKnownFileType = wrapper.framework; name = Foundation.framework; path = System/Library/Frameworks/Foundation.framework; sourceTree = SDKROOT; };
		28983E5686E1F0360F12F64A /* CoreGraphics.framework */ = {isa = PBXFileReference; lastKnownFileType = wrapper.framework; name = CoreGraphics.framework; path = System/Library/Frameworks/CoreGraphics.framework; sourceTree = SDKROOT; };
		28983E5686E1F0360F12F64E /* BoeingProofOfConcept-Info.plist */ = {isa = PBXFileReference; lastKnownFileType = text.plist.info; path = "BoeingProofOfConcept-Info.plist"; sourceTree = "<group>"; };
		28983E5686E1F0360F12F64F /* en */ = {isa = PBXFileReference; lastKnownFileType = text.plist.strings; name = en; path = en.lproj/InfoPlist.strings; sourceTree = "<group>"; };
		28983E5686E1F0360F12F652 /* main.m */ = {isa = PBXFileReference; lastKnownFileType = sourcecode.c.objc; path = main.m; sourceTree = "<group>"; };
		28983E5686E1F0360F12F654 /* BoeingProofOfConcept-Prefix.pch */ = {isa = PBXFileReference; lastKnownFileType = sourcecode.c.h; path = "BoeingProofOfConcept-Prefix.pch"; sourceTree = "<group>"; };
		28983E5686E1F0360F12F655 /* AppDelegate.h */ = {isa = PBXFileReference; lastKnownFileType = sourcecode.c.h; path = AppDelegate.h; sourceTree = "<group>"; };
		28983E5686E1F0360F12F656 /* AppDelegate.m */ = {isa = PBXFileReference; lastKnownFileType = sourcecode.c.objc; path = AppDelegate.m; sourceTree = "<group>"; };
		28983E5686E1F0360F12F658 /* ViewController.h */ = {isa = PBXFileReference; lastKnownFileType = sourcecode.c.h; path = ViewController.h; sourceTree = "<group>"; };
		28983E5686E1F0360F12F659 /* ViewController.m */ = {isa = PBXFileReference; lastKnownFileType = sourcecode.c.objc; path = ViewController.m; sourceTree = "<group>"; };
		28983E5686E1F0360F12F65B /* en */ = {isa = PBXFileReference; lastKnownFileType = file.xib; name = en; path = en.lproj/ViewController.xib; sourceTree = "<group>"; };
		28983E5686E1F0360F12F65F /* Background.jpeg */ = {isa = PBXFileReference; lastKnownFileType = image.jpeg; path = Background.jpeg; sourceTree = "<group>"; };
		28983E5686E1F0360F12F661 /* QuartzCore.framework */ = {isa = PBXFileReference; lastKnownFileType = wrapper.framework; name = QuartzCore.framework; path = System/Library/Frameworks/QuartzCore.framework; sourceTree = SDKROOT; };
		28983E5686E1F0360F12F663 /* Background2.jpeg */ = {isa = PBXFileReference; lastKnownFileType = image.jpeg; path = Background2.jpeg; sourceTree = "<group>"; };
/* End PBXFileReference section */

/* Begin PBXFrameworksBuildPhase section */
		28983E5686E1F0360F12F643 /* Frameworks */ = {
			isa = PBXFrameworksBuildPhase;
			buildActionMask = 2147483647;
			files = (
				28983E5686E1F0360F12F647 /* UIKit.framework in Frameworks */,
				28983E5686E1F0360F12F649 /* Foundation.framework in Frameworks */,
				28983E5686E1F0360F12F64B /* CoreGraphics.framework in Frameworks */,
				28983E5686E1F0360F12F662 /* QuartzCore.framework in Frameworks */,
			);
			runOnlyForDeploymentPostprocessing = 0;
		};
/* End PBXFrameworksBuildPhase section */

/* Begin PBXGroup section */
		28983E5686E1F0360F12F639 = {
			isa = PBXGroup;
			children = (
				28983E5686E1F0360F12F63A /* Products */,
				28983E5686E1F0360F12F645 /* Frameworks */,
				28983E5686E1F0360F12F64C /* BoeingProofOfConcept */,
			);
			sourceTree = "<group>";
		};
		28983E5686E1F0360F12F63A /* Products */ = {
			isa = PBXGroup;
			children = (
				28983E5686E1F0360F12F63D /* BoeingProofOfConcept.app */,
			);
			name = Products;
			sourceTree = "<group>";
		};
		28983E5686E1F0360F12F645 /* Frameworks */ = {
			isa = PBXGroup;
			children = (
				28983E5686E1F0360F12F661 /* QuartzCore.framework */,
				28983E5686E1F0360F12F64A /* CoreGraphics.framework */,
				28983E5686E1F0360F12F648 /* Foundation.framework */,
				28983E5686E1F0360F12F646 /* UIKit.framework */,
			);
			name = Frameworks;
			sourceTree = "<group>";
		};
		28983E5686E1F0360F12F64C /* BoeingProofOfConcept */ = {
			isa = PBXGroup;
			children = (
				28983E5686E1F0360F12F65C /* ViewController.xib */,
				28983E5686E1F0360F12F659 /* ViewController.m */,
				28983E5686E1F0360F12F658 /* ViewController.h */,
				28983E5686E1F0360F12F656 /* AppDelegate.m */,
				28983E5686E1F0360F12F655 /* AppDelegate.h */,
				28983E5686E1F0360F12F64D /* Supporting Files */,
				28983E5686E1F0360F12F65E /* Resources */,
			);
			path = BoeingProofOfConcept;
			sourceTree = "<group>";
		};
		28983E5686E1F0360F12F64D /* Supporting Files */ = {
			isa = PBXGroup;
			children = (
				28983E5686E1F0360F12F654 /* BoeingProofOfConcept-Prefix.pch */,
				28983E5686E1F0360F12F652 /* main.m */,
				28983E5686E1F0360F12F650 /* InfoPlist.strings */,
				28983E5686E1F0360F12F64E /* BoeingProofOfConcept-Info.plist */,
			);
			name = "Supporting Files";
			sourceTree = "<group>";
		};
		28983E5686E1F0360F12F65E /* Resources */ = {
			isa = PBXGroup;
			children = (
				28983E5686E1F0360F12F663 /* Background2.jpeg */,
				28983E5686E1F0360F12F65F /* Background.jpeg */,
			);
			path = Resources;
			sourceTree = "<group>";
		};
/* End PBXGroup section */

/* Begin PBXNativeTarget section */
		28983E5686E1F0360F12F63E /* BoeingProofOfConcept */ = {
			isa = PBXNativeTarget;
			buildConfigurationList = 28983E5686E1F0360F12F63F /* Build configuration list for PBXNativeTarget "BoeingProofOfConcept" */;
			buildPhases = (
				28983E5686E1F0360F12F642 /* Sources */,
				28983E5686E1F0360F12F643 /* Frameworks */,
				28983E5686E1F0360F12F644 /* Resources */,
			);
			buildRules = (
			);
			dependencies = (
			);
			name = BoeingProofOfConcept;
			productName = BoeingProofOfConcept;
			productReference = 28983E5686E1F0360F12F63D /* BoeingProofOfConcept.app */;
			productType = "com.apple.product-type.application";
		};
/* End PBXNativeTarget section */

/* Begin PBXProject section */
		28983E5686E1F0360F12F637 /* Project object */ = {
			isa = PBXProject;
			buildConfigurationList = 28983E5686E1F0360F12F638 /* Build configuration list for PBXProject "BoeingProofOfConcept" */;
			compatibilityVersion = "Xcode 3.2";
			developmentRegion = English;
			hasScannedForEncodings = 0;
			knownRegions = (
				en,
			);
			mainGroup = 28983E5686E1F0360F12F639;
			productRefGroup = 28983E5686E1F0360F12F63A /* Products */;
			projectDirPath = "";
			projectRoot = "";
			targets = (
				28983E5686E1F0360F12F63E /* BoeingProofOfConcept */,
			);
		};
/* End PBXProject section */

/* Begin PBXResourcesBuildPhase section */
		28983E5686E1F0360F12F644 /* Resources */ = {
			isa = PBXResourcesBuildPhase;
			buildActionMask = 2147483647;
			files = (
				28983E5686E1F0360F12F651 /* InfoPlist.strings in Resources */,
				28983E5686E1F0360F12F65D /* ViewController.xib in Resources */,
				28983E5686E1F0360F12F660 /* Background.jpeg in Resources */,
				28983E5686E1F0360F12F664 /* Background2.jpeg in Resources */,
			);
			runOnlyForDeploymentPostprocessing = 0;
		};
/* End PBXResourcesBuildPhase section */

/* Begin PBXSourcesBuildPhase section */
		28983E5686E1F0360F12F642 /* Sources */ = {
			isa = PBXSourcesBuildPhase;
			buildActionMask = 2147483647;
			files = (
				28983E5686E1F0360F12F653 /* main.m in Sources */,
				28983E5686E1F0360F12F657 /* AppDelegate.m in Sources */,
				28983E5686E1F0360F12F65A /* ViewController.m in Sources */,
			);
			runOnlyForDeploymentPostprocessing = 0;
		};
/* End PBXSourcesBuildPhase section */

/* Begin PBXVariantGroup section */
		28983E5686E1F0360F12F650 /* InfoPlist.strings */ = {
			isa = PBXVariantGroup;
			children = (
				28983E5686E1F0360F12F64F /* en */,
			);
			name = InfoPlist.strings;
			sourceTree = "<group>";
		};
		28983E5686E1F0360F12F65C /* ViewController.xib */ = {
			isa = PBXVariantGroup;
			children = (
				28983E5686E1F0360F12F65B /* en */,
			);
			name = ViewController.xib;
			sourceTree = "<group>";
		};
/* End PBXVariantGroup section */

/* Begin XCBuildConfiguration section */
		28983E5686E1F0360F12F63B /* Release */ = {
			isa = XCBuildConfiguration;
			buildSettings = {
				ALWAYS_SEARCH_USER_PATHS = NO;
				ARCHS = "$(ARCHS_STANDARD_32_BIT)";
				CLANG_ENABLE_OBJC_ARC = YES;
				"CODE_SIGN_IDENTITY[sdk=iphoneos*]" = "iPhone Developer";
				COPY_PHASE_STRIP = YES;
				GCC_C_LANGUAGE_STANDARD = gnu99;
				GCC_VERSION = com.apple.compilers.llvm.clang.1_0;
				GCC_WARN_ABOUT_RETURN_TYPE = YES;
				GCC_WARN_UNINITIALIZED_AUTOS = YES;
				GCC_WARN_UNUSED_VARIABLE = YES;
				IPHONEOS_DEPLOYMENT_TARGET = 5.1;
				OTHER_CFLAGS = "-DNS_BLOCK_ASSERTIONS=1";
				SDKROOT = iphoneos;
				TARGETED_DEVICE_FAMILY = 2;
				VALIDATE_PRODUCT = YES;
			};
			name = Release;
		};
		28983E5686E1F0360F12F63C /* Debug */ = {
			isa = XCBuildConfiguration;
			buildSettings = {
				ALWAYS_SEARCH_USER_PATHS = NO;
				ARCHS = "$(ARCHS_STANDARD_32_BIT)";
				CLANG_ENABLE_OBJC_ARC = YES;
				"CODE_SIGN_IDENTITY[sdk=iphoneos*]" = "iPhone Developer";
				COPY_PHASE_STRIP = NO;
				GCC_C_LANGUAGE_STANDARD = gnu99;
				GCC_DYNAMIC_NO_PIC = NO;
				GCC_OPTIMIZATION_LEVEL = 0;
				GCC_PREPROCESSOR_DEFINITIONS = (
					"DEBUG=1",
					"$(inherited)",
				);
				GCC_SYMBOLS_PRIVATE_EXTERN = NO;
				GCC_VERSION = com.apple.compilers.llvm.clang.1_0;
				GCC_WARN_ABOUT_RETURN_TYPE = YES;
				GCC_WARN_UNINITIALIZED_AUTOS = YES;
				GCC_WARN_UNUSED_VARIABLE = YES;
				IPHONEOS_DEPLOYMENT_TARGET = 5.1;
				SDKROOT = iphoneos;
				TARGETED_DEVICE_FAMILY = 2;
			};
			name = Debug;
		};
		28983E5686E1F0360F12F640 /* Release */ = {
			isa = XCBuildConfiguration;
			buildSettings = {
				GCC_PRECOMPILE_PREFIX_HEADER = YES;
				GCC_PREFIX_HEADER = "BoeingProofOfConcept/BoeingProofOfConcept-Prefix.pch";
				INFOPLIST_FILE = "BoeingProofOfConcept/BoeingProofOfConcept-Info.plist";
				PRODUCT_NAME = "$(TARGET_NAME)";
				WRAPPER_EXTENSION = app;
			};
			name = Release;
		};
		28983E5686E1F0360F12F641 /* Debug */ = {
			isa = XCBuildConfiguration;
			buildSettings = {
				GCC_PRECOMPILE_PREFIX_HEADER = YES;
				GCC_PREFIX_HEADER = "BoeingProofOfConcept/BoeingProofOfConcept-Prefix.pch";
				INFOPLIST_FILE = "BoeingProofOfConcept/BoeingProofOfConcept-Info.plist";
				PRODUCT_NAME = "$(TARGET_NAME)";
				WRAPPER_EXTENSION = app;
			};
			name = Debug;
		};
/* End XCBuildConfiguration section */

/* Begin XCConfigurationList section */
		28983E5686E1F0360F12F638 /* Build configuration list for PBXProject "BoeingProofOfConcept" */ = {
			isa = XCConfigurationList;
			buildConfigurations = (
				28983E5686E1F0360F12F63B /* Release */,
				28983E5686E1F0360F12F63C /* Debug */,
			);
			defaultConfigurationIsVisible = 0;
			defaultConfigurationName = Release;
		};
		28983E5686E1F0360F12F63F /* Build configuration list for PBXNativeTarget "BoeingProofOfConcept" */ = {
			isa = XCConfigurationList;
			buildConfigurations = (
				28983E5686E1F0360F12F640 /* Release */,
				28983E5686E1F0360F12F641 /* Debug */,
			);
			defaultConfigurationIsVisible = 0;
		};
/* End XCConfigurationList section */
	};
	rootObject = 28983E5686E1F0360F12F637 /* Project object */;
}
